// !$*UTF8*$!
{
	archiveVersion = 1;
	classes = {
	};
	objectVersion = 46;
	objects = {

/* Begin PBXBuildFile section */
		55B186402C5FE92500BB54D7 /* WidgetKit.framework in Frameworks */ = {isa = PBXBuildFile; fileRef = 55B1863F2C5FE92500BB54D7 /* WidgetKit.framework */; };
		55B186422C5FE92500BB54D7 /* SwiftUI.framework in Frameworks */ = {isa = PBXBuildFile; fileRef = 55B186412C5FE92500BB54D7 /* SwiftUI.framework */; };
		55B186452C5FE92500BB54D7 /* NewBundle.swift in Sources */ = {isa = PBXBuildFile; fileRef = 55B186442C5FE92500BB54D7 /* NewBundle.swift */; };
		55B186472C5FE92500BB54D7 /* NewLiveActivity.swift in Sources */ = {isa = PBXBuildFile; fileRef = 55B186462C5FE92500BB54D7 /* NewLiveActivity.swift */; };
		55B186492C5FE92500BB54D7 /* New.swift in Sources */ = {isa = PBXBuildFile; fileRef = 55B186482C5FE92500BB54D7 /* New.swift */; };
		55B1864B2C5FE92500BB54D7 /* AppIntent.swift in Sources */ = {isa = PBXBuildFile; fileRef = 55B1864A2C5FE92500BB54D7 /* AppIntent.swift */; };
		55B1864D2C5FE92700BB54D7 /* Assets.xcassets in Resources */ = {isa = PBXBuildFile; fileRef = 55B1864C2C5FE92700BB54D7 /* Assets.xcassets */; };
		55B186512C5FE92700BB54D7 /* NewExtension.appex in Embed Foundation Extensions */ = {isa = PBXBuildFile; fileRef = 55B1863D2C5FE92500BB54D7 /* NewExtension.appex */; settings = {ATTRIBUTES = (RemoveHeadersOnCopy, ); }; };
		9E9DE2F81DA7A16500777CDA /* AppDelegate.swift in Sources */ = {isa = PBXBuildFile; fileRef = 9E9DE2F71DA7A16500777CDA /* AppDelegate.swift */; };
		9E9DE2FA1DA7A16500777CDA /* ViewController.swift in Sources */ = {isa = PBXBuildFile; fileRef = 9E9DE2F91DA7A16500777CDA /* ViewController.swift */; };
		9E9DE2FD1DA7A16500777CDA /* Main.storyboard in Resources */ = {isa = PBXBuildFile; fileRef = 9E9DE2FB1DA7A16500777CDA /* Main.storyboard */; };
		9E9DE2FF1DA7A16500777CDA /* Assets.xcassets in Resources */ = {isa = PBXBuildFile; fileRef = 9E9DE2FE1DA7A16500777CDA /* Assets.xcassets */; };
		9E9DE3021DA7A16500777CDA /* LaunchScreen.storyboard in Resources */ = {isa = PBXBuildFile; fileRef = 9E9DE3001DA7A16500777CDA /* LaunchScreen.storyboard */; };
		9E9DE30A1DA7A5B800777CDA /* TableViewController.swift in Sources */ = {isa = PBXBuildFile; fileRef = 9E9DE3091DA7A5B800777CDA /* TableViewController.swift */; };
		9E9DE30C1DA7A60E00777CDA /* ButtonViewController.swift in Sources */ = {isa = PBXBuildFile; fileRef = 9E9DE30B1DA7A60E00777CDA /* ButtonViewController.swift */; };
/* End PBXBuildFile section */

/* Begin PBXContainerItemProxy section */
		55B1864F2C5FE92700BB54D7 /* PBXContainerItemProxy */ = {
			isa = PBXContainerItemProxy;
			containerPortal = 9E9DE2EC1DA7A16500777CDA /* Project object */;
			proxyType = 1;
			remoteGlobalIDString = 55B1863C2C5FE92500BB54D7;
			remoteInfo = NewExtension;
		};
/* End PBXContainerItemProxy section */

/* Begin PBXCopyFilesBuildPhase section */
		55B186552C5FE92700BB54D7 /* Embed Foundation Extensions */ = {
			isa = PBXCopyFilesBuildPhase;
			buildActionMask = 2147483647;
			dstPath = "";
			dstSubfolderSpec = 13;
			files = (
				55B186512C5FE92700BB54D7 /* NewExtension.appex in Embed Foundation Extensions */,
			);
			name = "Embed Foundation Extensions";
			runOnlyForDeploymentPostprocessing = 0;
		};
/* End PBXCopyFilesBuildPhase section */

/* Begin PBXFileReference section */
		55B1863D2C5FE92500BB54D7 /* NewExtension.appex */ = {isa = PBXFileReference; explicitFileType = "wrapper.app-extension"; includeInIndex = 0; path = NewExtension.appex; sourceTree = BUILT_PRODUCTS_DIR; };
		55B1863F2C5FE92500BB54D7 /* WidgetKit.framework */ = {isa = PBXFileReference; lastKnownFileType = wrapper.framework; name = WidgetKit.framework; path = System/Library/Frameworks/WidgetKit.framework; sourceTree = SDKROOT; };
		55B186412C5FE92500BB54D7 /* SwiftUI.framework */ = {isa = PBXFileReference; lastKnownFileType = wrapper.framework; name = SwiftUI.framework; path = System/Library/Frameworks/SwiftUI.framework; sourceTree = SDKROOT; };
		55B186442C5FE92500BB54D7 /* NewBundle.swift */ = {isa = PBXFileReference; lastKnownFileType = sourcecode.swift; path = NewBundle.swift; sourceTree = "<group>"; };
		55B186462C5FE92500BB54D7 /* NewLiveActivity.swift */ = {isa = PBXFileReference; lastKnownFileType = sourcecode.swift; path = NewLiveActivity.swift; sourceTree = "<group>"; };
		55B186482C5FE92500BB54D7 /* New.swift */ = {isa = PBXFileReference; lastKnownFileType = sourcecode.swift; path = New.swift; sourceTree = "<group>"; };
		55B1864A2C5FE92500BB54D7 /* AppIntent.swift */ = {isa = PBXFileReference; lastKnownFileType = sourcecode.swift; path = AppIntent.swift; sourceTree = "<group>"; };
		55B1864C2C5FE92700BB54D7 /* Assets.xcassets */ = {isa = PBXFileReference; lastKnownFileType = folder.assetcatalog; path = Assets.xcassets; sourceTree = "<group>"; };
		55B1864E2C5FE92700BB54D7 /* Info.plist */ = {isa = PBXFileReference; lastKnownFileType = text.plist.xml; path = Info.plist; sourceTree = "<group>"; };
		9E9DE2F41DA7A16500777CDA /* Animations.app */ = {isa = PBXFileReference; explicitFileType = wrapper.application; includeInIndex = 0; path = Animations.app; sourceTree = BUILT_PRODUCTS_DIR; };
		9E9DE2F71DA7A16500777CDA /* AppDelegate.swift */ = {isa = PBXFileReference; lastKnownFileType = sourcecode.swift; path = AppDelegate.swift; sourceTree = "<group>"; };
		9E9DE2F91DA7A16500777CDA /* ViewController.swift */ = {isa = PBXFileReference; lastKnownFileType = sourcecode.swift; path = ViewController.swift; sourceTree = "<group>"; };
		9E9DE2FC1DA7A16500777CDA /* Base */ = {isa = PBXFileReference; lastKnownFileType = file.storyboard; name = Base; path = Base.lproj/Main.storyboard; sourceTree = "<group>"; };
		9E9DE2FE1DA7A16500777CDA /* Assets.xcassets */ = {isa = PBXFileReference; lastKnownFileType = folder.assetcatalog; path = Assets.xcassets; sourceTree = "<group>"; };
		9E9DE3011DA7A16500777CDA /* Base */ = {isa = PBXFileReference; lastKnownFileType = file.storyboard; name = Base; path = Base.lproj/LaunchScreen.storyboard; sourceTree = "<group>"; };
		9E9DE3031DA7A16500777CDA /* Info.plist */ = {isa = PBXFileReference; lastKnownFileType = text.plist.xml; path = Info.plist; sourceTree = "<group>"; };
		9E9DE3091DA7A5B800777CDA /* TableViewController.swift */ = {isa = PBXFileReference; fileEncoding = 4; lastKnownFileType = sourcecode.swift; path = TableViewController.swift; sourceTree = "<group>"; };
		9E9DE30B1DA7A60E00777CDA /* ButtonViewController.swift */ = {isa = PBXFileReference; fileEncoding = 4; lastKnownFileType = sourcecode.swift; path = ButtonViewController.swift; sourceTree = "<group>"; };
/* End PBXFileReference section */

/* Begin PBXFrameworksBuildPhase section */
		55B1863A2C5FE92500BB54D7 /* Frameworks */ = {
			isa = PBXFrameworksBuildPhase;
			buildActionMask = 2147483647;
			files = (
				55B186422C5FE92500BB54D7 /* SwiftUI.framework in Frameworks */,
				55B186402C5FE92500BB54D7 /* WidgetKit.framework in Frameworks */,
			);
			runOnlyForDeploymentPostprocessing = 0;
		};
		9E9DE2F11DA7A16500777CDA /* Frameworks */ = {
			isa = PBXFrameworksBuildPhase;
			buildActionMask = 2147483647;
			files = (
			);
			runOnlyForDeploymentPostprocessing = 0;
		};
/* End PBXFrameworksBuildPhase section */

/* Begin PBXGroup section */
		55B1863E2C5FE92500BB54D7 /* Frameworks */ = {
			isa = PBXGroup;
			children = (
				55B1863F2C5FE92500BB54D7 /* WidgetKit.framework */,
				55B186412C5FE92500BB54D7 /* SwiftUI.framework */,
			);
			name = Frameworks;
			sourceTree = "<group>";
		};
		55B186432C5FE92500BB54D7 /* New */ = {
			isa = PBXGroup;
			children = (
				55B186442C5FE92500BB54D7 /* NewBundle.swift */,
				55B186462C5FE92500BB54D7 /* NewLiveActivity.swift */,
				55B186482C5FE92500BB54D7 /* New.swift */,
				55B1864A2C5FE92500BB54D7 /* AppIntent.swift */,
				55B1864C2C5FE92700BB54D7 /* Assets.xcassets */,
				55B1864E2C5FE92700BB54D7 /* Info.plist */,
			);
			path = New;
			sourceTree = "<group>";
		};
		9E9DE2EB1DA7A16500777CDA = {
			isa = PBXGroup;
			children = (
				9E9DE2F61DA7A16500777CDA /* Animations */,
				55B186432C5FE92500BB54D7 /* New */,
				55B1863E2C5FE92500BB54D7 /* Frameworks */,
				9E9DE2F51DA7A16500777CDA /* Products */,
			);
			sourceTree = "<group>";
		};
		9E9DE2F51DA7A16500777CDA /* Products */ = {
			isa = PBXGroup;
			children = (
				9E9DE2F41DA7A16500777CDA /* Animations.app */,
				55B1863D2C5FE92500BB54D7 /* NewExtension.appex */,
			);
			name = Products;
			sourceTree = "<group>";
		};
		9E9DE2F61DA7A16500777CDA /* Animations */ = {
			isa = PBXGroup;
			children = (
				9E9DE2F71DA7A16500777CDA /* AppDelegate.swift */,
				9E9DE2F91DA7A16500777CDA /* ViewController.swift */,
				9E9DE30B1DA7A60E00777CDA /* ButtonViewController.swift */,
				9E9DE3091DA7A5B800777CDA /* TableViewController.swift */,
				9E9DE2FB1DA7A16500777CDA /* Main.storyboard */,
				9E9DE2FE1DA7A16500777CDA /* Assets.xcassets */,
				9E9DE3001DA7A16500777CDA /* LaunchScreen.storyboard */,
				9E9DE3031DA7A16500777CDA /* Info.plist */,
			);
			path = Animations;
			sourceTree = "<group>";
		};
/* End PBXGroup section */

/* Begin PBXNativeTarget section */
		55B1863C2C5FE92500BB54D7 /* NewExtension */ = {
			isa = PBXNativeTarget;
			buildConfigurationList = 55B186522C5FE92700BB54D7 /* Build configuration list for PBXNativeTarget "NewExtension" */;
			buildPhases = (
				55B186392C5FE92500BB54D7 /* Sources */,
				55B1863A2C5FE92500BB54D7 /* Frameworks */,
				55B1863B2C5FE92500BB54D7 /* Resources */,
			);
			buildRules = (
			);
			dependencies = (
			);
			name = NewExtension;
			productName = NewExtension;
			productReference = 55B1863D2C5FE92500BB54D7 /* NewExtension.appex */;
			productType = "com.apple.product-type.app-extension";
		};
		9E9DE2F31DA7A16500777CDA /* Animations */ = {
			isa = PBXNativeTarget;
			buildConfigurationList = 9E9DE3061DA7A16500777CDA /* Build configuration list for PBXNativeTarget "Animations" */;
			buildPhases = (
				9E9DE2F01DA7A16500777CDA /* Sources */,
				9E9DE2F11DA7A16500777CDA /* Frameworks */,
				9E9DE2F21DA7A16500777CDA /* Resources */,
				55B186552C5FE92700BB54D7 /* Embed Foundation Extensions */,
			);
			buildRules = (
			);
			dependencies = (
				55B186502C5FE92700BB54D7 /* PBXTargetDependency */,
			);
			name = Animations;
			productName = Animations;
			productReference = 9E9DE2F41DA7A16500777CDA /* Animations.app */;
			productType = "com.apple.product-type.application";
		};
/* End PBXNativeTarget section */

/* Begin PBXProject section */
		9E9DE2EC1DA7A16500777CDA /* Project object */ = {
			isa = PBXProject;
			attributes = {
				LastSwiftUpdateCheck = 1540;
				LastUpgradeCheck = 0800;
				ORGANIZATIONNAME = "Brian Advent";
				TargetAttributes = {
					55B1863C2C5FE92500BB54D7 = {
						CreatedOnToolsVersion = 15.4;
						DevelopmentTeam = SBWZW765RG;
						ProvisioningStyle = Automatic;
					};
					9E9DE2F31DA7A16500777CDA = {
						CreatedOnToolsVersion = 8.0;
						DevelopmentTeam = SBWZW765RG;
						ProvisioningStyle = Automatic;
					};
				};
			};
			buildConfigurationList = 9E9DE2EF1DA7A16500777CDA /* Build configuration list for PBXProject "Animations" */;
			compatibilityVersion = "Xcode 3.2";
			developmentRegion = English;
			hasScannedForEncodings = 0;
			knownRegions = (
				English,
				en,
				Base,
			);
			mainGroup = 9E9DE2EB1DA7A16500777CDA;
			productRefGroup = 9E9DE2F51DA7A16500777CDA /* Products */;
			projectDirPath = "";
			projectRoot = "";
			targets = (
				9E9DE2F31DA7A16500777CDA /* Animations */,
				55B1863C2C5FE92500BB54D7 /* NewExtension */,
			);
		};
/* End PBXProject section */

/* Begin PBXResourcesBuildPhase section */
		55B1863B2C5FE92500BB54D7 /* Resources */ = {
			isa = PBXResourcesBuildPhase;
			buildActionMask = 2147483647;
			files = (
				55B1864D2C5FE92700BB54D7 /* Assets.xcassets in Resources */,
			);
			runOnlyForDeploymentPostprocessing = 0;
		};
		9E9DE2F21DA7A16500777CDA /* Resources */ = {
			isa = PBXResourcesBuildPhase;
			buildActionMask = 2147483647;
			files = (
				9E9DE3021DA7A16500777CDA /* LaunchScreen.storyboard in Resources */,
				9E9DE2FF1DA7A16500777CDA /* Assets.xcassets in Resources */,
				9E9DE2FD1DA7A16500777CDA /* Main.storyboard in Resources */,
			);
			runOnlyForDeploymentPostprocessing = 0;
		};
/* End PBXResourcesBuildPhase section */

/* Begin PBXSourcesBuildPhase section */
		55B186392C5FE92500BB54D7 /* Sources */ = {
			isa = PBXSourcesBuildPhase;
			buildActionMask = 2147483647;
			files = (
				55B186452C5FE92500BB54D7 /* NewBundle.swift in Sources */,
				55B1864B2C5FE92500BB54D7 /* AppIntent.swift in Sources */,
				55B186492C5FE92500BB54D7 /* New.swift in Sources */,
				55B186472C5FE92500BB54D7 /* NewLiveActivity.swift in Sources */,
			);
			runOnlyForDeploymentPostprocessing = 0;
		};
		9E9DE2F01DA7A16500777CDA /* Sources */ = {
			isa = PBXSourcesBuildPhase;
			buildActionMask = 2147483647;
			files = (
				9E9DE30C1DA7A60E00777CDA /* ButtonViewController.swift in Sources */,
				9E9DE2FA1DA7A16500777CDA /* ViewController.swift in Sources */,
				9E9DE30A1DA7A5B800777CDA /* TableViewController.swift in Sources */,
				9E9DE2F81DA7A16500777CDA /* AppDelegate.swift in Sources */,
			);
			runOnlyForDeploymentPostprocessing = 0;
		};
/* End PBXSourcesBuildPhase section */

/* Begin PBXTargetDependency section */
		55B186502C5FE92700BB54D7 /* PBXTargetDependency */ = {
			isa = PBXTargetDependency;
			target = 55B1863C2C5FE92500BB54D7 /* NewExtension */;
			targetProxy = 55B1864F2C5FE92700BB54D7 /* PBXContainerItemProxy */;
		};
/* End PBXTargetDependency section */

/* Begin PBXVariantGroup section */
		9E9DE2FB1DA7A16500777CDA /* Main.storyboard */ = {
			isa = PBXVariantGroup;
			children = (
				9E9DE2FC1DA7A16500777CDA /* Base */,
			);
			name = Main.storyboard;
			sourceTree = "<group>";
		};
		9E9DE3001DA7A16500777CDA /* LaunchScreen.storyboard */ = {
			isa = PBXVariantGroup;
			children = (
				9E9DE3011DA7A16500777CDA /* Base */,
			);
			name = LaunchScreen.storyboard;
			sourceTree = "<group>";
		};
/* End PBXVariantGroup section */

/* Begin XCBuildConfiguration section */
		55B186532C5FE92700BB54D7 /* Debug */ = {
			isa = XCBuildConfiguration;
			buildSettings = {
				ASSETCATALOG_COMPILER_GENERATE_SWIFT_ASSET_SYMBOL_EXTENSIONS = YES;
				ASSETCATALOG_COMPILER_GLOBAL_ACCENT_COLOR_NAME = AccentColor;
				ASSETCATALOG_COMPILER_WIDGET_BACKGROUND_COLOR_NAME = WidgetBackground;
				CLANG_ANALYZER_NUMBER_OBJECT_CONVERSION = YES_AGGRESSIVE;
				CLANG_CXX_LANGUAGE_STANDARD = "gnu++20";
				CLANG_ENABLE_OBJC_WEAK = YES;
				CLANG_WARN_BLOCK_CAPTURE_AUTORELEASING = YES;
				CLANG_WARN_COMMA = YES;
				CLANG_WARN_DEPRECATED_OBJC_IMPLEMENTATIONS = YES;
				CLANG_WARN_NON_LITERAL_NULL_CONVERSION = YES;
				CLANG_WARN_OBJC_IMPLICIT_RETAIN_SELF = YES;
				CLANG_WARN_OBJC_LITERAL_CONVERSION = YES;
				CLANG_WARN_QUOTED_INCLUDE_IN_FRAMEWORK_HEADER = YES;
				CLANG_WARN_RANGE_LOOP_ANALYSIS = YES;
				CLANG_WARN_STRICT_PROTOTYPES = YES;
				CLANG_WARN_SUSPICIOUS_MOVE = YES;
				CLANG_WARN_UNGUARDED_AVAILABILITY = YES_AGGRESSIVE;
				CODE_SIGN_STYLE = Automatic;
				CURRENT_PROJECT_VERSION = 1;
				DEVELOPMENT_TEAM = SBWZW765RG;
				ENABLE_USER_SCRIPT_SANDBOXING = YES;
				GCC_C_LANGUAGE_STANDARD = gnu17;
				GENERATE_INFOPLIST_FILE = YES;
				INFOPLIST_FILE = New/Info.plist;
				INFOPLIST_KEY_CFBundleDisplayName = New;
				INFOPLIST_KEY_NSHumanReadableCopyright = "Copyright © 2024 Brian Advent. All rights reserved.";
				IPHONEOS_DEPLOYMENT_TARGET = 17.5;
				LD_RUNPATH_SEARCH_PATHS = "$(inherited) @executable_path/Frameworks @executable_path/../../Frameworks";
				LOCALIZATION_PREFERS_STRING_CATALOGS = YES;
				MARKETING_VERSION = 1.0;
				MTL_ENABLE_DEBUG_INFO = INCLUDE_SOURCE;
				MTL_FAST_MATH = YES;
				PRODUCT_BUNDLE_IDENTIFIER = com.brianadvent.Animations.New;
				PRODUCT_NAME = "$(TARGET_NAME)";
				SKIP_INSTALL = YES;
				SWIFT_ACTIVE_COMPILATION_CONDITIONS = "DEBUG $(inherited)";
				SWIFT_EMIT_LOC_STRINGS = YES;
				SWIFT_VERSION = 5.0;
				TARGETED_DEVICE_FAMILY = "1,2";
			};
			name = Debug;
		};
		55B186542C5FE92700BB54D7 /* Release */ = {
			isa = XCBuildConfiguration;
			buildSettings = {
				ASSETCATALOG_COMPILER_GENERATE_SWIFT_ASSET_SYMBOL_EXTENSIONS = YES;
				ASSETCATALOG_COMPILER_GLOBAL_ACCENT_COLOR_NAME = AccentColor;
				ASSETCATALOG_COMPILER_WIDGET_BACKGROUND_COLOR_NAME = WidgetBackground;
				CLANG_ANALYZER_NUMBER_OBJECT_CONVERSION = YES_AGGRESSIVE;
				CLANG_CXX_LANGUAGE_STANDARD = "gnu++20";
				CLANG_ENABLE_OBJC_WEAK = YES;
				CLANG_WARN_BLOCK_CAPTURE_AUTORELEASING = YES;
				CLANG_WARN_COMMA = YES;
				CLANG_WARN_DEPRECATED_OBJC_IMPLEMENTATIONS = YES;
				CLANG_WARN_NON_LITERAL_NULL_CONVERSION = YES;
				CLANG_WARN_OBJC_IMPLICIT_RETAIN_SELF = YES;
				CLANG_WARN_OBJC_LITERAL_CONVERSION = YES;
				CLANG_WARN_QUOTED_INCLUDE_IN_FRAMEWORK_HEADER = YES;
				CLANG_WARN_RANGE_LOOP_ANALYSIS = YES;
				CLANG_WARN_STRICT_PROTOTYPES = YES;
				CLANG_WARN_SUSPICIOUS_MOVE = YES;
				CLANG_WARN_UNGUARDED_AVAILABILITY = YES_AGGRESSIVE;
				CODE_SIGN_STYLE = Automatic;
				CURRENT_PROJECT_VERSION = 1;
				DEVELOPMENT_TEAM = SBWZW765RG;
				ENABLE_USER_SCRIPT_SANDBOXING = YES;
				GCC_C_LANGUAGE_STANDARD = gnu17;
				GENERATE_INFOPLIST_FILE = YES;
				INFOPLIST_FILE = New/Info.plist;
				INFOPLIST_KEY_CFBundleDisplayName = New;
				INFOPLIST_KEY_NSHumanReadableCopyright = "Copyright © 2024 Brian Advent. All rights reserved.";
				IPHONEOS_DEPLOYMENT_TARGET = 17.5;
				LD_RUNPATH_SEARCH_PATHS = "$(inherited) @executable_path/Frameworks @executable_path/../../Frameworks";
				LOCALIZATION_PREFERS_STRING_CATALOGS = YES;
				MARKETING_VERSION = 1.0;
				MTL_FAST_MATH = YES;
				PRODUCT_BUNDLE_IDENTIFIER = com.brianadvent.Animations.New;
				PRODUCT_NAME = "$(TARGET_NAME)";
				SKIP_INSTALL = YES;
				SWIFT_EMIT_LOC_STRINGS = YES;
				SWIFT_VERSION = 5.0;
				TARGETED_DEVICE_FAMILY = "1,2";
			};
			name = Release;
		};
		9E9DE3041DA7A16500777CDA /* Debug */ = {
			isa = XCBuildConfiguration;
			buildSettings = {
				ALWAYS_SEARCH_USER_PATHS = NO;
				CLANG_ANALYZER_NONNULL = YES;
				CLANG_CXX_LANGUAGE_STANDARD = "gnu++0x";
				CLANG_CXX_LIBRARY = "libc++";
				CLANG_ENABLE_MODULES = YES;
				CLANG_ENABLE_OBJC_ARC = YES;
				CLANG_WARN_BOOL_CONVERSION = YES;
				CLANG_WARN_CONSTANT_CONVERSION = YES;
				CLANG_WARN_DIRECT_OBJC_ISA_USAGE = YES_ERROR;
				CLANG_WARN_DOCUMENTATION_COMMENTS = YES;
				CLANG_WARN_EMPTY_BODY = YES;
				CLANG_WARN_ENUM_CONVERSION = YES;
				CLANG_WARN_INFINITE_RECURSION = YES;
				CLANG_WARN_INT_CONVERSION = YES;
				CLANG_WARN_OBJC_ROOT_CLASS = YES_ERROR;
				CLANG_WARN_SUSPICIOUS_MOVES = YES;
				CLANG_WARN_UNREACHABLE_CODE = YES;
				CLANG_WARN__DUPLICATE_METHOD_MATCH = YES;
				"CODE_SIGN_IDENTITY[sdk=iphoneos*]" = "iPhone Developer";
				COPY_PHASE_STRIP = NO;
				DEBUG_INFORMATION_FORMAT = dwarf;
				ENABLE_STRICT_OBJC_MSGSEND = YES;
				ENABLE_TESTABILITY = YES;
				GCC_C_LANGUAGE_STANDARD = gnu99;
				GCC_DYNAMIC_NO_PIC = NO;
				GCC_NO_COMMON_BLOCKS = YES;
				GCC_OPTIMIZATION_LEVEL = 0;
				GCC_PREPROCESSOR_DEFINITIONS = (
					"DEBUG=1",
					"$(inherited)",
				);
				GCC_WARN_64_TO_32_BIT_CONVERSION = YES;
				GCC_WARN_ABOUT_RETURN_TYPE = YES_ERROR;
				GCC_WARN_UNDECLARED_SELECTOR = YES;
				GCC_WARN_UNINITIALIZED_AUTOS = YES_AGGRESSIVE;
				GCC_WARN_UNUSED_FUNCTION = YES;
				GCC_WARN_UNUSED_VARIABLE = YES;
				IPHONEOS_DEPLOYMENT_TARGET = 10.0;
				MTL_ENABLE_DEBUG_INFO = YES;
				ONLY_ACTIVE_ARCH = YES;
				SDKROOT = iphoneos;
				SWIFT_ACTIVE_COMPILATION_CONDITIONS = DEBUG;
				SWIFT_OPTIMIZATION_LEVEL = "-Onone";
			};
			name = Debug;
		};
		9E9DE3051DA7A16500777CDA /* Release */ = {
			isa = XCBuildConfiguration;
			buildSettings = {
				ALWAYS_SEARCH_USER_PATHS = NO;
				CLANG_ANALYZER_NONNULL = YES;
				CLANG_CXX_LANGUAGE_STANDARD = "gnu++0x";
				CLANG_CXX_LIBRARY = "libc++";
				CLANG_ENABLE_MODULES = YES;
				CLANG_ENABLE_OBJC_ARC = YES;
				CLANG_WARN_BOOL_CONVERSION = YES;
				CLANG_WARN_CONSTANT_CONVERSION = YES;
				CLANG_WARN_DIRECT_OBJC_ISA_USAGE = YES_ERROR;
				CLANG_WARN_DOCUMENTATION_COMMENTS = YES;
				CLANG_WARN_EMPTY_BODY = YES;
				CLANG_WARN_ENUM_CONVERSION = YES;
				CLANG_WARN_INFINITE_RECURSION = YES;
				CLANG_WARN_INT_CONVERSION = YES;
				CLANG_WARN_OBJC_ROOT_CLASS = YES_ERROR;
				CLANG_WARN_SUSPICIOUS_MOVES = YES;
				CLANG_WARN_UNREACHABLE_CODE = YES;
				CLANG_WARN__DUPLICATE_METHOD_MATCH = YES;
				"CODE_SIGN_IDENTITY[sdk=iphoneos*]" = "iPhone Developer";
				COPY_PHASE_STRIP = NO;
				DEBUG_INFORMATION_FORMAT = "dwarf-with-dsym";
				ENABLE_NS_ASSERTIONS = NO;
				ENABLE_STRICT_OBJC_MSGSEND = YES;
				GCC_C_LANGUAGE_STANDARD = gnu99;
				GCC_NO_COMMON_BLOCKS = YES;
				GCC_WARN_64_TO_32_BIT_CONVERSION = YES;
				GCC_WARN_ABOUT_RETURN_TYPE = YES_ERROR;
				GCC_WARN_UNDECLARED_SELECTOR = YES;
				GCC_WARN_UNINITIALIZED_AUTOS = YES_AGGRESSIVE;
				GCC_WARN_UNUSED_FUNCTION = YES;
				GCC_WARN_UNUSED_VARIABLE = YES;
				IPHONEOS_DEPLOYMENT_TARGET = 10.0;
				MTL_ENABLE_DEBUG_INFO = NO;
				SDKROOT = iphoneos;
				SWIFT_OPTIMIZATION_LEVEL = "-Owholemodule";
				VALIDATE_PRODUCT = YES;
			};
			name = Release;
		};
		9E9DE3071DA7A16500777CDA /* Debug */ = {
			isa = XCBuildConfiguration;
			buildSettings = {
				ALWAYS_EMBED_SWIFT_STANDARD_LIBRARIES = YES;
				ASSETCATALOG_COMPILER_APPICON_NAME = AppIcon;
				DEVELOPMENT_TEAM = SBWZW765RG;
				INFOPLIST_FILE = Animations/Info.plist;
				LD_RUNPATH_SEARCH_PATHS = "$(inherited) @executable_path/Frameworks";
				PRODUCT_BUNDLE_IDENTIFIER = com.brianadvent.Animations;
				PRODUCT_NAME = "$(TARGET_NAME)";
				SWIFT_VERSION = 4.0;
			};
			name = Debug;
		};
		9E9DE3081DA7A16500777CDA /* Release */ = {
			isa = XCBuildConfiguration;
			buildSettings = {
				ALWAYS_EMBED_SWIFT_STANDARD_LIBRARIES = YES;
				ASSETCATALOG_COMPILER_APPICON_NAME = AppIcon;
				DEVELOPMENT_TEAM = SBWZW765RG;
				INFOPLIST_FILE = Animations/Info.plist;
				LD_RUNPATH_SEARCH_PATHS = "$(inherited) @executable_path/Frameworks";
				PRODUCT_BUNDLE_IDENTIFIER = com.brianadvent.Animations;
				PRODUCT_NAME = "$(TARGET_NAME)";
				SWIFT_VERSION = 4.0;
			};
			name = Release;
		};
/* End XCBuildConfiguration section */

/* Begin XCConfigurationList section */
		55B186522C5FE92700BB54D7 /* Build configuration list for PBXNativeTarget "NewExtension" */ = {
			isa = XCConfigurationList;
			buildConfigurations = (
				55B186532C5FE92700BB54D7 /* Debug */,
				55B186542C5FE92700BB54D7 /* Release */,
			);
			defaultConfigurationIsVisible = 0;
			defaultConfigurationName = Release;
		};
		9E9DE2EF1DA7A16500777CDA /* Build configuration list for PBXProject "Animations" */ = {
			isa = XCConfigurationList;
			buildConfigurations = (
				9E9DE3041DA7A16500777CDA /* Debug */,
				9E9DE3051DA7A16500777CDA /* Release */,
			);
			defaultConfigurationIsVisible = 0;
			defaultConfigurationName = Release;
		};
		9E9DE3061DA7A16500777CDA /* Build configuration list for PBXNativeTarget "Animations" */ = {
			isa = XCConfigurationList;
			buildConfigurations = (
				9E9DE3071DA7A16500777CDA /* Debug */,
				9E9DE3081DA7A16500777CDA /* Release */,
			);
			defaultConfigurationIsVisible = 0;
			defaultConfigurationName = Release;
		};
/* End XCConfigurationList section */
	};
	rootObject = 9E9DE2EC1DA7A16500777CDA /* Project object */;
}
